// !$*UTF8*$!
{
	archiveVersion = 1;
	classes = {
	};
	objectVersion = 46;
	objects = {

/* Begin PBXBuildFile section */
		C14B18A0147E0A5F00A11CFF /* ADBEMDEV.c in Sources */ = {isa = PBXBuildFile; fileRef = C14B1869147E0A5F00A11CFF /* ADBEMDEV.c */; };
		C14B18A1147E0A5F00A11CFF /* AppIcon.icns in Resources */ = {isa = PBXBuildFile; fileRef = C14B186C147E0A5F00A11CFF /* AppIcon.icns */; };
		C14B18A2147E0A5F00A11CFF /* ASCEMDEV.c in Sources */ = {isa = PBXBuildFile; fileRef = C14B186D147E0A5F00A11CFF /* ASCEMDEV.c */; };
		C14B18A3147E0A5F00A11CFF /* Build String in Resources */ = {isa = PBXBuildFile; fileRef = C14B186F147E0A5F00A11CFF /* Build String */; };
		C14B18A4147E0A5F00A11CFF /* dummy.txt in Resources */ = {isa = PBXBuildFile; fileRef = C14B1878147E0A5F00A11CFF /* dummy.txt */; };
		C14B18A5147E0A5F00A11CFF /* GLOBGLUE.c in Sources */ = {isa = PBXBuildFile; fileRef = C14B187C147E0A5F00A11CFF /* GLOBGLUE.c */; };
		C14B18A6147E0A5F00A11CFF /* Info.plist in Resources */ = {isa = PBXBuildFile; fileRef = C14B187E147E0A5F00A11CFF /* Info.plist */; };
		C14B18A7147E0A5F00A11CFF /* IWMEMDEV.c in Sources */ = {isa = PBXBuildFile; fileRef = C14B1880147E0A5F00A11CFF /* IWMEMDEV.c */; };
		C14B18A8147E0A5F00A11CFF /* M68KITAB.c in Sources */ = {isa = PBXBuildFile; fileRef = C14B1882147E0A5F00A11CFF /* M68KITAB.c */; };
		C14B18A9147E0A5F00A11CFF /* MINEM68K.c in Sources */ = {isa = PBXBuildFile; fileRef = C14B1884147E0A5F00A11CFF /* MINEM68K.c */; };
		C14B18AE147E0A5F00A11CFF /* RTCEMDEV.c in Sources */ = {isa = PBXBuildFile; fileRef = C14B188E147E0A5F00A11CFF /* RTCEMDEV.c */; };
		C14B18AF147E0A5F00A11CFF /* SCCEMDEV.c in Sources */ = {isa = PBXBuildFile; fileRef = C14B1890147E0A5F00A11CFF /* SCCEMDEV.c */; };
		C14B18B1147E0A5F00A11CFF /* SCSIEMDV.c in Sources */ = {isa = PBXBuildFile; fileRef = C14B1894147E0A5F00A11CFF /* SCSIEMDV.c */; };
		C14B18B2147E0A5F00A11CFF /* SONYEMDV.c in Sources */ = {isa = PBXBuildFile; fileRef = C14B1896147E0A5F00A11CFF /* SONYEMDV.c */; };
		C14B18B3147E0A5F00A11CFF /* VIA2EMDV.c in Sources */ = {isa = PBXBuildFile; fileRef = C14B189A147E0A5F00A11CFF /* VIA2EMDV.c */; };
		C14B18B4147E0A5F00A11CFF /* VIAEMDEV.c in Sources */ = {isa = PBXBuildFile; fileRef = C14B189C147E0A5F00A11CFF /* VIAEMDEV.c */; };
		C14B18B5147E0A5F00A11CFF /* VIDEMDEV.c in Sources */ = {isa = PBXBuildFile; fileRef = C14B189E147E0A5F00A11CFF /* VIDEMDEV.c */; };
		C14B18BD147E117D00A11CFF /* vMacApp.m in Sources */ = {isa = PBXBuildFile; fileRef = C1CD3FEA147A5191009C3F2F /* vMacApp.m */; };
		C14B18C6147E157400A11CFF /* MOUSEMDV.c in Sources */ = {isa = PBXBuildFile; fileRef = C14B18C4147E157400A11CFF /* MOUSEMDV.c */; };
		C14B18C9147E2BC900A11CFF /* PROGMAIN.c in Sources */ = {isa = PBXBuildFile; fileRef = C14B18C8147E2BC800A11CFF /* PROGMAIN.c */; };
		C14B18D3147E74C100A11CFF /* Glue.m in Sources */ = {isa = PBXBuildFile; fileRef = C14B18D2147E74BD00A11CFF /* Glue.m */; };
		C14B18DA147F312800A11CFF /* ROMEMDEV.c in Sources */ = {isa = PBXBuildFile; fileRef = C14B188C147E0A5F00A11CFF /* ROMEMDEV.c */; };
		C14B18DB147F318400A11CFF /* SCRNEMDV.c in Sources */ = {isa = PBXBuildFile; fileRef = C14B1892147E0A5F00A11CFF /* SCRNEMDV.c */; };
		C14B18E5147F36AE00A11CFF /* MacIIx.ROM in Resources */ = {isa = PBXBuildFile; fileRef = C14B18E0147F36AE00A11CFF /* MacIIx.ROM */; };
		C1CD3E3B147A50E7009C3F2F /* QuartzCore.framework in Frameworks */ = {isa = PBXBuildFile; fileRef = C1CD3E3A147A50E7009C3F2F /* QuartzCore.framework */; };
		C1CD3E3D147A50E7009C3F2F /* OpenGLES.framework in Frameworks */ = {isa = PBXBuildFile; fileRef = C1CD3E3C147A50E7009C3F2F /* OpenGLES.framework */; };
		C1CD3E3F147A50E7009C3F2F /* OpenAL.framework in Frameworks */ = {isa = PBXBuildFile; fileRef = C1CD3E3E147A50E7009C3F2F /* OpenAL.framework */; };
		C1CD3E41147A50E7009C3F2F /* AudioToolbox.framework in Frameworks */ = {isa = PBXBuildFile; fileRef = C1CD3E40147A50E7009C3F2F /* AudioToolbox.framework */; };
		C1CD3E43147A50E7009C3F2F /* AVFoundation.framework in Frameworks */ = {isa = PBXBuildFile; fileRef = C1CD3E42147A50E7009C3F2F /* AVFoundation.framework */; };
		C1CD3E45147A50E7009C3F2F /* UIKit.framework in Frameworks */ = {isa = PBXBuildFile; fileRef = C1CD3E44147A50E7009C3F2F /* UIKit.framework */; };
		C1CD3E47147A50E7009C3F2F /* Foundation.framework in Frameworks */ = {isa = PBXBuildFile; fileRef = C1CD3E46147A50E7009C3F2F /* Foundation.framework */; };
		C1CD3E49147A50E7009C3F2F /* CoreGraphics.framework in Frameworks */ = {isa = PBXBuildFile; fileRef = C1CD3E48147A50E7009C3F2F /* CoreGraphics.framework */; };
		C1CD3E4D147A50E7009C3F2F /* Default.png in Resources */ = {isa = PBXBuildFile; fileRef = C1CD3E4C147A50E7009C3F2F /* Default.png */; };
		C1CD3E4F147A50E7009C3F2F /* fps_images.png in Resources */ = {isa = PBXBuildFile; fileRef = C1CD3E4E147A50E7009C3F2F /* fps_images.png */; };
		C1CD3E55147A50E7009C3F2F /* Icon-Small.png in Resources */ = {isa = PBXBuildFile; fileRef = C1CD3E54147A50E7009C3F2F /* Icon-Small.png */; };
		C1CD3E59147A50E7009C3F2F /* Icon.png in Resources */ = {isa = PBXBuildFile; fileRef = C1CD3E58147A50E7009C3F2F /* Icon.png */; };
		C1CD3E5E147A50E7009C3F2F /* iTunesArtwork in Resources */ = {isa = PBXBuildFile; fileRef = C1CD3E5D147A50E7009C3F2F /* iTunesArtwork */; };
		C1CD3FEB147A5192009C3F2F /* ExtendedAttributes.m in Sources */ = {isa = PBXBuildFile; fileRef = C1CD3FAC147A5190009C3F2F /* ExtendedAttributes.m */; };
		C1CD3FED147A5192009C3F2F /* InsertDiskView.m in Sources */ = {isa = PBXBuildFile; fileRef = C1CD3FAF147A5190009C3F2F /* InsertDiskView.m */; };
		C1CD3FEE147A5192009C3F2F /* KBKey.m in Sources */ = {isa = PBXBuildFile; fileRef = C1CD3FB1147A5190009C3F2F /* KBKey.m */; };
		C1CD3FEF147A5192009C3F2F /* KeyboardView.m in Sources */ = {isa = PBXBuildFile; fileRef = C1CD3FB3147A5190009C3F2F /* KeyboardView.m */; };
		C1CD3FF0147A5192009C3F2F /* main.m in Sources */ = {isa = PBXBuildFile; fileRef = C1CD3FB4147A5190009C3F2F /* main.m */; };
		C1CD3FF1147A5192009C3F2F /* MainView.m in Sources */ = {isa = PBXBuildFile; fileRef = C1CD3FB6147A5190009C3F2F /* MainView.m */; };
		C1CD4002147A5192009C3F2F /* NewDiskView.m in Sources */ = {isa = PBXBuildFile; fileRef = C1CD3FE2147A5191009C3F2F /* NewDiskView.m */; };
		C1CD4003147A5192009C3F2F /* SettingsView.m in Sources */ = {isa = PBXBuildFile; fileRef = C1CD3FE5147A5191009C3F2F /* SettingsView.m */; };
		C1CD4004147A5192009C3F2F /* SurfaceView.m in Sources */ = {isa = PBXBuildFile; fileRef = C1CD3FE7147A5191009C3F2F /* SurfaceView.m */; };
		C1CD4044147A51D0009C3F2F /* diskEject.aiff in Resources */ = {isa = PBXBuildFile; fileRef = C1CD4007147A51CC009C3F2F /* diskEject.aiff */; };
		C1CD4045147A51D0009C3F2F /* DiskListFloppy.png in Resources */ = {isa = PBXBuildFile; fileRef = C1CD4008147A51CC009C3F2F /* DiskListFloppy.png */; };
		C1CD4046147A51D0009C3F2F /* DiskListHD.png in Resources */ = {isa = PBXBuildFile; fileRef = C1CD4009147A51CC009C3F2F /* DiskListHD.png */; };
		C1CD4047147A51D0009C3F2F /* Localizable.strings in Resources */ = {isa = PBXBuildFile; fileRef = C1CD400B147A51CD009C3F2F /* Localizable.strings */; };
		C1CD4048147A51D0009C3F2F /* ES.kbdlayout in Resources */ = {isa = PBXBuildFile; fileRef = C1CD400D147A51CD009C3F2F /* ES.kbdlayout */; };
		C1CD404A147A51D0009C3F2F /* HE.kbdlayout in Resources */ = {isa = PBXBuildFile; fileRef = C1CD400F147A51CD009C3F2F /* HE.kbdlayout */; };
		C1CD4055147A51D0009C3F2F /* KBBackground.png in Resources */ = {isa = PBXBuildFile; fileRef = C1CD401D147A51CD009C3F2F /* KBBackground.png */; };
		C1CD4056147A51D0009C3F2F /* KBBackspace-Down.png in Resources */ = {isa = PBXBuildFile; fileRef = C1CD401E147A51CD009C3F2F /* KBBackspace-Down.png */; };
		C1CD4057147A51D0009C3F2F /* KBBackspace-Up.png in Resources */ = {isa = PBXBuildFile; fileRef = C1CD401F147A51CD009C3F2F /* KBBackspace-Up.png */; };
		C1CD4058147A51D0009C3F2F /* KBCommand-Down.png in Resources */ = {isa = PBXBuildFile; fileRef = C1CD4020147A51CE009C3F2F /* KBCommand-Down.png */; };
		C1CD4059147A51D0009C3F2F /* KBCommand-Hold.png in Resources */ = {isa = PBXBuildFile; fileRef = C1CD4021147A51CE009C3F2F /* KBCommand-Hold.png */; };
		C1CD405A147A51D0009C3F2F /* KBCommand-Up.png in Resources */ = {isa = PBXBuildFile; fileRef = C1CD4022147A51CE009C3F2F /* KBCommand-Up.png */; };
		C1CD405B147A51D0009C3F2F /* KBEscape-Down.png in Resources */ = {isa = PBXBuildFile; fileRef = C1CD4023147A51CE009C3F2F /* KBEscape-Down.png */; };
		C1CD405C147A51D0009C3F2F /* KBEscape-Up.png in Resources */ = {isa = PBXBuildFile; fileRef = C1CD4024147A51CE009C3F2F /* KBEscape-Up.png */; };
		C1CD405D147A51D0009C3F2F /* KBKey-Down.png in Resources */ = {isa = PBXBuildFile; fileRef = C1CD4025147A51CE009C3F2F /* KBKey-Down.png */; };
		C1CD405E147A51D0009C3F2F /* KBKey-Up.png in Resources */ = {isa = PBXBuildFile; fileRef = C1CD4026147A51CE009C3F2F /* KBKey-Up.png */; };
		C1CD405F147A51D0009C3F2F /* KBKey0-Down.png in Resources */ = {isa = PBXBuildFile; fileRef = C1CD4027147A51CE009C3F2F /* KBKey0-Down.png */; };
		C1CD4060147A51D0009C3F2F /* KBKey0-Up.png in Resources */ = {isa = PBXBuildFile; fileRef = C1CD4028147A51CE009C3F2F /* KBKey0-Up.png */; };
		C1CD4061147A51D0009C3F2F /* KBKey2-Down.png in Resources */ = {isa = PBXBuildFile; fileRef = C1CD4029147A51CE009C3F2F /* KBKey2-Down.png */; };
		C1CD4062147A51D0009C3F2F /* KBKey2-Up.png in Resources */ = {isa = PBXBuildFile; fileRef = C1CD402A147A51CE009C3F2F /* KBKey2-Up.png */; };
		C1CD4063147A51D0009C3F2F /* KBOption-Down.png in Resources */ = {isa = PBXBuildFile; fileRef = C1CD402B147A51CE009C3F2F /* KBOption-Down.png */; };
		C1CD4064147A51D0009C3F2F /* KBOption-Hold.png in Resources */ = {isa = PBXBuildFile; fileRef = C1CD402C147A51CE009C3F2F /* KBOption-Hold.png */; };
		C1CD4065147A51D0009C3F2F /* KBOption-Up.png in Resources */ = {isa = PBXBuildFile; fileRef = C1CD402D147A51CE009C3F2F /* KBOption-Up.png */; };
		C1CD4066147A51D0009C3F2F /* KBReturn-Down.png in Resources */ = {isa = PBXBuildFile; fileRef = C1CD402E147A51CE009C3F2F /* KBReturn-Down.png */; };
		C1CD4067147A51D0009C3F2F /* KBReturn-Up.png in Resources */ = {isa = PBXBuildFile; fileRef = C1CD402F147A51CF009C3F2F /* KBReturn-Up.png */; };
		C1CD4068147A51D0009C3F2F /* KBShift-Down.png in Resources */ = {isa = PBXBuildFile; fileRef = C1CD4030147A51CF009C3F2F /* KBShift-Down.png */; };
		C1CD4069147A51D0009C3F2F /* KBShift-Hold.png in Resources */ = {isa = PBXBuildFile; fileRef = C1CD4031147A51CF009C3F2F /* KBShift-Hold.png */; };
		C1CD406A147A51D0009C3F2F /* KBShift-Up.png in Resources */ = {isa = PBXBuildFile; fileRef = C1CD4032147A51CF009C3F2F /* KBShift-Up.png */; };
		C1CD406B147A51D0009C3F2F /* KBSpace-Down.png in Resources */ = {isa = PBXBuildFile; fileRef = C1CD4033147A51CF009C3F2F /* KBSpace-Down.png */; };
		C1CD406C147A51D0009C3F2F /* KBSpace-Up.png in Resources */ = {isa = PBXBuildFile; fileRef = C1CD4034147A51CF009C3F2F /* KBSpace-Up.png */; };
		C1CD406D147A51D0009C3F2F /* KBTab-Down.png in Resources */ = {isa = PBXBuildFile; fileRef = C1CD4035147A51CF009C3F2F /* KBTab-Down.png */; };
		C1CD406E147A51D0009C3F2F /* KBTab-Up.png in Resources */ = {isa = PBXBuildFile; fileRef = C1CD4036147A51CF009C3F2F /* KBTab-Up.png */; };
		C1CD406F147A51D0009C3F2F /* KBToggle-Down.png in Resources */ = {isa = PBXBuildFile; fileRef = C1CD4037147A51CF009C3F2F /* KBToggle-Down.png */; };
		C1CD4070147A51D0009C3F2F /* KBToggle-Up.png in Resources */ = {isa = PBXBuildFile; fileRef = C1CD4038147A51CF009C3F2F /* KBToggle-Up.png */; };
		C1CD4071147A51D0009C3F2F /* PkgInfo in Resources */ = {isa = PBXBuildFile; fileRef = C1CD4039147A51CF009C3F2F /* PkgInfo */; };
		C1CD4072147A51D0009C3F2F /* PSInterrupt.png in Resources */ = {isa = PBXBuildFile; fileRef = C1CD403A147A51CF009C3F2F /* PSInterrupt.png */; };
		C1CD4073147A51D0009C3F2F /* PSReset.png in Resources */ = {isa = PBXBuildFile; fileRef = C1CD403B147A51CF009C3F2F /* PSReset.png */; };
		C1CD4076147A51D0009C3F2F /* UK.kbdlayout in Resources */ = {isa = PBXBuildFile; fileRef = C1CD4041147A51CF009C3F2F /* UK.kbdlayout */; };
		C1CD4077147A51D0009C3F2F /* US.kbdlayout in Resources */ = {isa = PBXBuildFile; fileRef = C1CD4042147A51D0009C3F2F /* US.kbdlayout */; };
		C1CD4079147A520D009C3F2F /* CoreFoundation.framework in Frameworks */ = {isa = PBXBuildFile; fileRef = C1CD4078147A520D009C3F2F /* CoreFoundation.framework */; };
		C1CD407B147A522A009C3F2F /* CoreAudio.framework in Frameworks */ = {isa = PBXBuildFile; fileRef = C1CD407A147A522A009C3F2F /* CoreAudio.framework */; };
		C1CD4086147A7747009C3F2F /* CoreVideo.framework in Frameworks */ = {isa = PBXBuildFile; fileRef = C1CD4085147A7747009C3F2F /* CoreVideo.framework */; };
		C1CD408C147B3643009C3F2F /* CoreText.framework in Frameworks */ = {isa = PBXBuildFile; fileRef = C1CD408B147B3643009C3F2F /* CoreText.framework */; };
		C1CD410F147B83EE009C3F2F /* Disk Tools.dsk in Resources */ = {isa = PBXBuildFile; fileRef = C1CD4109147B83ED009C3F2F /* Disk Tools.dsk */; };
		C1CD4110147B83EE009C3F2F /* Fonts.image in Resources */ = {isa = PBXBuildFile; fileRef = C1CD410A147B83ED009C3F2F /* Fonts.image */; };
		C1CD4111147B83EE009C3F2F /* hfs24M.DSK in Resources */ = {isa = PBXBuildFile; fileRef = C1CD410B147B83ED009C3F2F /* hfs24M.DSK */; };
		C1CD4112147B83EE009C3F2F /* Install 1.image in Resources */ = {isa = PBXBuildFile; fileRef = C1CD410C147B83EE009C3F2F /* Install 1.image */; };
		C1CD4113147B83EE009C3F2F /* Install 2.image in Resources */ = {isa = PBXBuildFile; fileRef = C1CD410D147B83EE009C3F2F /* Install 2.image */; };
		C1CD4114147B83EE009C3F2F /* Printing.image in Resources */ = {isa = PBXBuildFile; fileRef = C1CD410E147B83EE009C3F2F /* Printing.image */; };
		C1CEFEAE147FA4AC000ECF47 /* MacOS755.dsk in Resources */ = {isa = PBXBuildFile; fileRef = C1CEFEAD147FA4AC000ECF47 /* MacOS755.dsk */; };
		C1CEFEB514808C40000ECF47 /* System701.dsk in Resources */ = {isa = PBXBuildFile; fileRef = C1CEFEB414808C40000ECF47 /* System701.dsk */; };
/* End PBXBuildFile section */

/* Begin PBXFileReference section */
		C14B1869147E0A5F00A11CFF /* ADBEMDEV.c */ = {isa = PBXFileReference; fileEncoding = 4; lastKnownFileType = sourcecode.c.c; path = ADBEMDEV.c; sourceTree = "<group>"; };
		C14B186A147E0A5F00A11CFF /* ADBEMDEV.h */ = {isa = PBXFileReference; fileEncoding = 4; lastKnownFileType = sourcecode.c.h; path = ADBEMDEV.h; sourceTree = "<group>"; };
		C14B186B147E0A5F00A11CFF /* ADBSHARE.h */ = {isa = PBXFileReference; fileEncoding = 4; lastKnownFileType = sourcecode.c.h; path = ADBSHARE.h; sourceTree = "<group>"; };
		C14B186C147E0A5F00A11CFF /* AppIcon.icns */ = {isa = PBXFileReference; lastKnownFileType = image.icns; path = AppIcon.icns; sourceTree = "<group>"; };
		C14B186D147E0A5F00A11CFF /* ASCEMDEV.c */ = {isa = PBXFileReference; fileEncoding = 4; lastKnownFileType = sourcecode.c.c; path = ASCEMDEV.c; sourceTree = "<group>"; };
		C14B186E147E0A5F00A11CFF /* ASCEMDEV.h */ = {isa = PBXFileReference; fileEncoding = 4; lastKnownFileType = sourcecode.c.h; path = ASCEMDEV.h; sourceTree = "<group>"; };
		C14B186F147E0A5F00A11CFF /* Build String */ = {isa = PBXFileReference; fileEncoding = 4; lastKnownFileType = text; path = "Build String"; sourceTree = "<group>"; };
		C14B1870147E0A5F00A11CFF /* CNFGGLOB.h */ = {isa = PBXFileReference; fileEncoding = 4; lastKnownFileType = sourcecode.c.h; path = CNFGGLOB.h; sourceTree = "<group>"; };
		C14B1871147E0A5F00A11CFF /* CNFGRAPI.h */ = {isa = PBXFileReference; fileEncoding = 4; lastKnownFileType = sourcecode.c.h; path = CNFGRAPI.h; sourceTree = "<group>"; };
		C14B1872147E0A5F00A11CFF /* COMOSGLU.h */ = {isa = PBXFileReference; fileEncoding = 4; lastKnownFileType = sourcecode.c.h; path = COMOSGLU.h; sourceTree = "<group>"; };
		C14B1873147E0A5F00A11CFF /* CONTROLM.h */ = {isa = PBXFileReference; fileEncoding = 4; lastKnownFileType = sourcecode.c.h; path = CONTROLM.h; sourceTree = "<group>"; };
		C14B1874147E0A5F00A11CFF /* DATE2SEC.h */ = {isa = PBXFileReference; fileEncoding = 4; lastKnownFileType = sourcecode.c.h; path = DATE2SEC.h; sourceTree = "<group>"; };
		C14B1875147E0A5F00A11CFF /* EMCONFIG.h */ = {isa = PBXFileReference; fileEncoding = 4; lastKnownFileType = sourcecode.c.h; path = EMCONFIG.h; sourceTree = "<group>"; };
		C14B1876147E0A5F00A11CFF /* ENDIANAC.h */ = {isa = PBXFileReference; fileEncoding = 4; lastKnownFileType = sourcecode.c.h; path = ENDIANAC.h; sourceTree = "<group>"; };
		C14B1879147E0A5F00A11CFF /* English */ = {isa = PBXFileReference; lastKnownFileType = text; name = English; path = dummy.txt; sourceTree = "<group>"; };
		C14B187A147E0A5F00A11CFF /* FPCPEMDV.h */ = {isa = PBXFileReference; fileEncoding = 4; lastKnownFileType = sourcecode.c.h; path = FPCPEMDV.h; sourceTree = "<group>"; };
		C14B187B147E0A5F00A11CFF /* FPMATHEM.h */ = {isa = PBXFileReference; fileEncoding = 4; lastKnownFileType = sourcecode.c.h; path = FPMATHEM.h; sourceTree = "<group>"; };
		C14B187C147E0A5F00A11CFF /* GLOBGLUE.c */ = {isa = PBXFileReference; fileEncoding = 4; lastKnownFileType = sourcecode.c.c; path = GLOBGLUE.c; sourceTree = "<group>"; };
		C14B187D147E0A5F00A11CFF /* GLOBGLUE.h */ = {isa = PBXFileReference; fileEncoding = 4; lastKnownFileType = sourcecode.c.h; path = GLOBGLUE.h; sourceTree = "<group>"; };
		C14B187E147E0A5F00A11CFF /* Info.plist */ = {isa = PBXFileReference; fileEncoding = 4; lastKnownFileType = text.plist.xml; path = Info.plist; sourceTree = "<group>"; };
		C14B187F147E0A5F00A11CFF /* INTLCHAR.h */ = {isa = PBXFileReference; fileEncoding = 4; lastKnownFileType = sourcecode.c.h; path = INTLCHAR.h; sourceTree = "<group>"; };
		C14B1880147E0A5F00A11CFF /* IWMEMDEV.c */ = {isa = PBXFileReference; fileEncoding = 4; lastKnownFileType = sourcecode.c.c; path = IWMEMDEV.c; sourceTree = "<group>"; };
		C14B1881147E0A5F00A11CFF /* IWMEMDEV.h */ = {isa = PBXFileReference; fileEncoding = 4; lastKnownFileType = sourcecode.c.h; path = IWMEMDEV.h; sourceTree = "<group>"; };
		C14B1882147E0A5F00A11CFF /* M68KITAB.c */ = {isa = PBXFileReference; fileEncoding = 4; lastKnownFileType = sourcecode.c.c; path = M68KITAB.c; sourceTree = "<group>"; };
		C14B1883147E0A5F00A11CFF /* M68KITAB.h */ = {isa = PBXFileReference; fileEncoding = 4; lastKnownFileType = sourcecode.c.h; path = M68KITAB.h; sourceTree = "<group>"; };
		C14B1884147E0A5F00A11CFF /* MINEM68K.c */ = {isa = PBXFileReference; fileEncoding = 4; lastKnownFileType = sourcecode.c.c; path = MINEM68K.c; sourceTree = "<group>"; };
		C14B1885147E0A5F00A11CFF /* MINEM68K.h */ = {isa = PBXFileReference; fileEncoding = 4; lastKnownFileType = sourcecode.c.h; path = MINEM68K.h; sourceTree = "<group>"; };
		C14B188B147E0A5F00A11CFF /* PROGMAIN.h */ = {isa = PBXFileReference; fileEncoding = 4; lastKnownFileType = sourcecode.c.h; path = PROGMAIN.h; sourceTree = "<group>"; };
		C14B188C147E0A5F00A11CFF /* ROMEMDEV.c */ = {isa = PBXFileReference; fileEncoding = 4; lastKnownFileType = sourcecode.c.c; path = ROMEMDEV.c; sourceTree = "<group>"; };
		C14B188D147E0A5F00A11CFF /* ROMEMDEV.h */ = {isa = PBXFileReference; fileEncoding = 4; lastKnownFileType = sourcecode.c.h; path = ROMEMDEV.h; sourceTree = "<group>"; };
		C14B188E147E0A5F00A11CFF /* RTCEMDEV.c */ = {isa = PBXFileReference; fileEncoding = 4; lastKnownFileType = sourcecode.c.c; path = RTCEMDEV.c; sourceTree = "<group>"; };
		C14B188F147E0A5F00A11CFF /* RTCEMDEV.h */ = {isa = PBXFileReference; fileEncoding = 4; lastKnownFileType = sourcecode.c.h; path = RTCEMDEV.h; sourceTree = "<group>"; };
		C14B1890147E0A5F00A11CFF /* SCCEMDEV.c */ = {isa = PBXFileReference; fileEncoding = 4; lastKnownFileType = sourcecode.c.c; path = SCCEMDEV.c; sourceTree = "<group>"; };
		C14B1891147E0A5F00A11CFF /* SCCEMDEV.h */ = {isa = PBXFileReference; fileEncoding = 4; lastKnownFileType = sourcecode.c.h; path = SCCEMDEV.h; sourceTree = "<group>"; };
		C14B1892147E0A5F00A11CFF /* SCRNEMDV.c */ = {isa = PBXFileReference; fileEncoding = 4; lastKnownFileType = sourcecode.c.c; path = SCRNEMDV.c; sourceTree = "<group>"; };
		C14B1893147E0A5F00A11CFF /* SCRNEMDV.h */ = {isa = PBXFileReference; fileEncoding = 4; lastKnownFileType = sourcecode.c.h; path = SCRNEMDV.h; sourceTree = "<group>"; };
		C14B1894147E0A5F00A11CFF /* SCSIEMDV.c */ = {isa = PBXFileReference; fileEncoding = 4; lastKnownFileType = sourcecode.c.c; path = SCSIEMDV.c; sourceTree = "<group>"; };
		C14B1895147E0A5F00A11CFF /* SCSIEMDV.h */ = {isa = PBXFileReference; fileEncoding = 4; lastKnownFileType = sourcecode.c.h; path = SCSIEMDV.h; sourceTree = "<group>"; };
		C14B1896147E0A5F00A11CFF /* SONYEMDV.c */ = {isa = PBXFileReference; fileEncoding = 4; lastKnownFileType = sourcecode.c.c; path = SONYEMDV.c; sourceTree = "<group>"; };
		C14B1897147E0A5F00A11CFF /* SONYEMDV.h */ = {isa = PBXFileReference; fileEncoding = 4; lastKnownFileType = sourcecode.c.h; path = SONYEMDV.h; sourceTree = "<group>"; };
		C14B1898147E0A5F00A11CFF /* STRCONST.h */ = {isa = PBXFileReference; fileEncoding = 4; lastKnownFileType = sourcecode.c.h; path = STRCONST.h; sourceTree = "<group>"; };
		C14B1899147E0A5F00A11CFF /* SYSDEPNS.h */ = {isa = PBXFileReference; fileEncoding = 4; lastKnownFileType = sourcecode.c.h; path = SYSDEPNS.h; sourceTree = "<group>"; };
		C14B189A147E0A5F00A11CFF /* VIA2EMDV.c */ = {isa = PBXFileReference; fileEncoding = 4; lastKnownFileType = sourcecode.c.c; path = VIA2EMDV.c; sourceTree = "<group>"; };
		C14B189B147E0A5F00A11CFF /* VIA2EMDV.h */ = {isa = PBXFileReference; fileEncoding = 4; lastKnownFileType = sourcecode.c.h; path = VIA2EMDV.h; sourceTree = "<group>"; };
		C14B189C147E0A5F00A11CFF /* VIAEMDEV.c */ = {isa = PBXFileReference; fileEncoding = 4; lastKnownFileType = sourcecode.c.c; path = VIAEMDEV.c; sourceTree = "<group>"; };
		C14B189D147E0A5F00A11CFF /* VIAEMDEV.h */ = {isa = PBXFileReference; fileEncoding = 4; lastKnownFileType = sourcecode.c.h; path = VIAEMDEV.h; sourceTree = "<group>"; };
		C14B189E147E0A5F00A11CFF /* VIDEMDEV.c */ = {isa = PBXFileReference; fileEncoding = 4; lastKnownFileType = sourcecode.c.c; path = VIDEMDEV.c; sourceTree = "<group>"; };
		C14B189F147E0A5F00A11CFF /* VIDEMDEV.h */ = {isa = PBXFileReference; fileEncoding = 4; lastKnownFileType = sourcecode.c.h; path = VIDEMDEV.h; sourceTree = "<group>"; };
		C14B18B6147E0F2D00A11CFF /* MYOSGLUE.c */ = {isa = PBXFileReference; fileEncoding = 4; lastKnownFileType = sourcecode.c.c; path = MYOSGLUE.c; sourceTree = "<group>"; };
		C14B18C3147E147E00A11CFF /* PLATGLUE.H */ = {isa = PBXFileReference; fileEncoding = 4; lastKnownFileType = sourcecode.cpp.h; path = PLATGLUE.H; sourceTree = "<group>"; };
		C14B18C4147E157400A11CFF /* MOUSEMDV.c */ = {isa = PBXFileReference; fileEncoding = 4; lastKnownFileType = sourcecode.c.c; path = MOUSEMDV.c; sourceTree = "<group>"; };
		C14B18C5147E157400A11CFF /* MOUSEMDV.h */ = {isa = PBXFileReference; fileEncoding = 4; lastKnownFileType = sourcecode.c.h; path = MOUSEMDV.h; sourceTree = "<group>"; };
		C14B18C7147E15B500A11CFF /* MYOSGLUE.h */ = {isa = PBXFileReference; fileEncoding = 4; lastKnownFileType = sourcecode.c.h; path = MYOSGLUE.h; sourceTree = "<group>"; };
		C14B18C8147E2BC800A11CFF /* PROGMAIN.c */ = {isa = PBXFileReference; fileEncoding = 4; lastKnownFileType = sourcecode.c.c; path = PROGMAIN.c; sourceTree = "<group>"; };
		C14B18D2147E74BD00A11CFF /* Glue.m */ = {isa = PBXFileReference; fileEncoding = 4; lastKnownFileType = sourcecode.c.objc; name = Glue.m; path = src/Glue.m; sourceTree = "<group>"; };
		C14B18E0147F36AE00A11CFF /* MacIIx.ROM */ = {isa = PBXFileReference; lastKnownFileType = file; path = MacIIx.ROM; sourceTree = "<group>"; };
		C1CD3E36147A50E7009C3F2F /* minivmac.app */ = {isa = PBXFileReference; explicitFileType = wrapper.application; includeInIndex = 0; path = minivmac.app; sourceTree = BUILT_PRODUCTS_DIR; };
		C1CD3E3A147A50E7009C3F2F /* QuartzCore.framework */ = {isa = PBXFileReference; lastKnownFileType = wrapper.framework; name = QuartzCore.framework; path = System/Library/Frameworks/QuartzCore.framework; sourceTree = SDKROOT; };
		C1CD3E3C147A50E7009C3F2F /* OpenGLES.framework */ = {isa = PBXFileReference; lastKnownFileType = wrapper.framework; name = OpenGLES.framework; path = System/Library/Frameworks/OpenGLES.framework; sourceTree = SDKROOT; };
		C1CD3E3E147A50E7009C3F2F /* OpenAL.framework */ = {isa = PBXFileReference; lastKnownFileType = wrapper.framework; name = OpenAL.framework; path = System/Library/Frameworks/OpenAL.framework; sourceTree = SDKROOT; };
		C1CD3E40147A50E7009C3F2F /* AudioToolbox.framework */ = {isa = PBXFileReference; lastKnownFileType = wrapper.framework; name = AudioToolbox.framework; path = System/Library/Frameworks/AudioToolbox.framework; sourceTree = SDKROOT; };
		C1CD3E42147A50E7009C3F2F /* AVFoundation.framework */ = {isa = PBXFileReference; lastKnownFileType = wrapper.framework; name = AVFoundation.framework; path = System/Library/Frameworks/AVFoundation.framework; sourceTree = SDKROOT; };
		C1CD3E44147A50E7009C3F2F /* UIKit.framework */ = {isa = PBXFileReference; lastKnownFileType = wrapper.framework; name = UIKit.framework; path = System/Library/Frameworks/UIKit.framework; sourceTree = SDKROOT; };
		C1CD3E46147A50E7009C3F2F /* Foundation.framework */ = {isa = PBXFileReference; lastKnownFileType = wrapper.framework; name = Foundation.framework; path = System/Library/Frameworks/Foundation.framework; sourceTree = SDKROOT; };
		C1CD3E48147A50E7009C3F2F /* CoreGraphics.framework */ = {isa = PBXFileReference; lastKnownFileType = wrapper.framework; name = CoreGraphics.framework; path = System/Library/Frameworks/CoreGraphics.framework; sourceTree = SDKROOT; };
		C1CD3E4C147A50E7009C3F2F /* Default.png */ = {isa = PBXFileReference; lastKnownFileType = image.png; name = Default.png; path = Resources/Default.png; sourceTree = "<group>"; };
		C1CD3E4E147A50E7009C3F2F /* fps_images.png */ = {isa = PBXFileReference; lastKnownFileType = image.png; name = fps_images.png; path = Resources/fps_images.png; sourceTree = "<group>"; };
		C1CD3E54147A50E7009C3F2F /* Icon-Small.png */ = {isa = PBXFileReference; lastKnownFileType = image.png; name = "Icon-Small.png"; path = "Resources/Icon-Small.png"; sourceTree = "<group>"; };
		C1CD3E58147A50E7009C3F2F /* Icon.png */ = {isa = PBXFileReference; lastKnownFileType = image.png; name = Icon.png; path = Resources/Icon.png; sourceTree = "<group>"; };
		C1CD3E5C147A50E7009C3F2F /* Info.plist */ = {isa = PBXFileReference; lastKnownFileType = text.plist.xml; name = Info.plist; path = Resources/Info.plist; sourceTree = "<group>"; };
		C1CD3E5D147A50E7009C3F2F /* iTunesArtwork */ = {isa = PBXFileReference; lastKnownFileType = file; name = iTunesArtwork; path = Resources/iTunesArtwork; sourceTree = "<group>"; };
		C1CD3F99147A50E9009C3F2F /* Prefix.pch */ = {isa = PBXFileReference; lastKnownFileType = sourcecode.c.h; path = Prefix.pch; sourceTree = "<group>"; };
		C1CD3FAB147A5190009C3F2F /* ExtendedAttributes.h */ = {isa = PBXFileReference; fileEncoding = 4; lastKnownFileType = sourcecode.c.h; name = ExtendedAttributes.h; path = src/ExtendedAttributes.h; sourceTree = "<group>"; };
		C1CD3FAC147A5190009C3F2F /* ExtendedAttributes.m */ = {isa = PBXFileReference; fileEncoding = 4; lastKnownFileType = sourcecode.c.objc; name = ExtendedAttributes.m; path = src/ExtendedAttributes.m; sourceTree = "<group>"; };
		C1CD3FAE147A5190009C3F2F /* InsertDiskView.h */ = {isa = PBXFileReference; fileEncoding = 4; lastKnownFileType = sourcecode.c.h; name = InsertDiskView.h; path = src/InsertDiskView.h; sourceTree = "<group>"; };
		C1CD3FAF147A5190009C3F2F /* InsertDiskView.m */ = {isa = PBXFileReference; fileEncoding = 4; lastKnownFileType = sourcecode.c.objc; name = InsertDiskView.m; path = src/InsertDiskView.m; sourceTree = "<group>"; };
		C1CD3FB0147A5190009C3F2F /* KBKey.h */ = {isa = PBXFileReference; fileEncoding = 4; lastKnownFileType = sourcecode.c.h; name = KBKey.h; path = src/KBKey.h; sourceTree = "<group>"; };
		C1CD3FB1147A5190009C3F2F /* KBKey.m */ = {isa = PBXFileReference; fileEncoding = 4; lastKnownFileType = sourcecode.c.objc; name = KBKey.m; path = src/KBKey.m; sourceTree = "<group>"; };
		C1CD3FB2147A5190009C3F2F /* KeyboardView.h */ = {isa = PBXFileReference; fileEncoding = 4; lastKnownFileType = sourcecode.c.h; name = KeyboardView.h; path = src/KeyboardView.h; sourceTree = "<group>"; };
		C1CD3FB3147A5190009C3F2F /* KeyboardView.m */ = {isa = PBXFileReference; fileEncoding = 4; lastKnownFileType = sourcecode.c.objc; name = KeyboardView.m; path = src/KeyboardView.m; sourceTree = "<group>"; };
		C1CD3FB4147A5190009C3F2F /* main.m */ = {isa = PBXFileReference; fileEncoding = 4; lastKnownFileType = sourcecode.c.objc; name = main.m; path = src/main.m; sourceTree = "<group>"; };
		C1CD3FB5147A5190009C3F2F /* MainView.h */ = {isa = PBXFileReference; fileEncoding = 4; lastKnownFileType = sourcecode.c.h; name = MainView.h; path = src/MainView.h; sourceTree = "<group>"; };
		C1CD3FB6147A5190009C3F2F /* MainView.m */ = {isa = PBXFileReference; fileEncoding = 4; lastKnownFileType = sourcecode.c.objc; name = MainView.m; path = src/MainView.m; sourceTree = "<group>"; };
		C1CD3FE1147A5191009C3F2F /* NewDiskView.h */ = {isa = PBXFileReference; fileEncoding = 4; lastKnownFileType = sourcecode.c.h; name = NewDiskView.h; path = src/NewDiskView.h; sourceTree = "<group>"; };
		C1CD3FE2147A5191009C3F2F /* NewDiskView.m */ = {isa = PBXFileReference; fileEncoding = 4; lastKnownFileType = sourcecode.c.objc; name = NewDiskView.m; path = src/NewDiskView.m; sourceTree = "<group>"; };
		C1CD3FE3147A5191009C3F2F /* prefix.h */ = {isa = PBXFileReference; fileEncoding = 4; lastKnownFileType = sourcecode.c.h; name = prefix.h; path = src/prefix.h; sourceTree = "<group>"; };
		C1CD3FE4147A5191009C3F2F /* SettingsView.h */ = {isa = PBXFileReference; fileEncoding = 4; lastKnownFileType = sourcecode.c.h; name = SettingsView.h; path = src/SettingsView.h; sourceTree = "<group>"; };
		C1CD3FE5147A5191009C3F2F /* SettingsView.m */ = {isa = PBXFileReference; fileEncoding = 4; lastKnownFileType = sourcecode.c.objc; name = SettingsView.m; path = src/SettingsView.m; sourceTree = "<group>"; };
		C1CD3FE6147A5191009C3F2F /* SurfaceView.h */ = {isa = PBXFileReference; fileEncoding = 4; lastKnownFileType = sourcecode.c.h; name = SurfaceView.h; path = src/SurfaceView.h; sourceTree = "<group>"; };
		C1CD3FE7147A5191009C3F2F /* SurfaceView.m */ = {isa = PBXFileReference; fileEncoding = 4; lastKnownFileType = sourcecode.c.objc; name = SurfaceView.m; path = src/SurfaceView.m; sourceTree = "<group>"; };
		C1CD3FE8147A5191009C3F2F /* UIApplication-SBCustomIcon.h */ = {isa = PBXFileReference; fileEncoding = 4; lastKnownFileType = sourcecode.c.h; name = "UIApplication-SBCustomIcon.h"; path = "src/UIApplication-SBCustomIcon.h"; sourceTree = "<group>"; };
		C1CD3FE9147A5191009C3F2F /* vMacApp.h */ = {isa = PBXFileReference; fileEncoding = 4; lastKnownFileType = sourcecode.c.h; name = vMacApp.h; path = src/vMacApp.h; sourceTree = "<group>"; };
		C1CD3FEA147A5191009C3F2F /* vMacApp.m */ = {isa = PBXFileReference; fileEncoding = 4; lastKnownFileType = sourcecode.c.objc; name = vMacApp.m; path = src/vMacApp.m; sourceTree = "<group>"; };
		C1CD4006147A51CC009C3F2F /* Default.png */ = {isa = PBXFileReference; lastKnownFileType = image.png; name = Default.png; path = Resources/Default.png; sourceTree = "<group>"; };
		C1CD4007147A51CC009C3F2F /* diskEject.aiff */ = {isa = PBXFileReference; lastKnownFileType = audio.aiff; name = diskEject.aiff; path = Resources/diskEject.aiff; sourceTree = "<group>"; };
		C1CD4008147A51CC009C3F2F /* DiskListFloppy.png */ = {isa = PBXFileReference; lastKnownFileType = image.png; name = DiskListFloppy.png; path = Resources/DiskListFloppy.png; sourceTree = "<group>"; };
		C1CD4009147A51CC009C3F2F /* DiskListHD.png */ = {isa = PBXFileReference; lastKnownFileType = image.png; name = DiskListHD.png; path = Resources/DiskListHD.png; sourceTree = "<group>"; };
		C1CD400C147A51CD009C3F2F /* English */ = {isa = PBXFileReference; lastKnownFileType = text.plist.strings; name = English; path = Localizable.strings; sourceTree = "<group>"; };
		C1CD400D147A51CD009C3F2F /* ES.kbdlayout */ = {isa = PBXFileReference; fileEncoding = 4; lastKnownFileType = text.xml; name = ES.kbdlayout; path = Resources/ES.kbdlayout; sourceTree = "<group>"; };
		C1CD400E147A51CD009C3F2F /* fps_images.png */ = {isa = PBXFileReference; lastKnownFileType = image.png; name = fps_images.png; path = Resources/fps_images.png; sourceTree = "<group>"; };
		C1CD400F147A51CD009C3F2F /* HE.kbdlayout */ = {isa = PBXFileReference; fileEncoding = 4; lastKnownFileType = text.xml; name = HE.kbdlayout; path = Resources/HE.kbdlayout; sourceTree = "<group>"; };
		C1CD4012147A51CD009C3F2F /* Hebrew */ = {isa = PBXFileReference; lastKnownFileType = text.plist.strings; name = Hebrew; path = InfoPlist.strings; sourceTree = "<group>"; };
		C1CD4014147A51CD009C3F2F /* Hebrew */ = {isa = PBXFileReference; lastKnownFileType = text.plist.strings; name = Hebrew; path = Localizable.strings; sourceTree = "<group>"; };
		C1CD4017147A51CD009C3F2F /* Icon-Small.png */ = {isa = PBXFileReference; lastKnownFileType = image.png; name = "Icon-Small.png"; path = "Resources/Icon-Small.png"; sourceTree = "<group>"; };
		C1CD4019147A51CD009C3F2F /* Icon.png */ = {isa = PBXFileReference; lastKnownFileType = image.png; name = Icon.png; path = Resources/Icon.png; sourceTree = "<group>"; };
		C1CD401B147A51CD009C3F2F /* Info.plist */ = {isa = PBXFileReference; fileEncoding = 4; lastKnownFileType = text.plist.xml; name = Info.plist; path = Resources/Info.plist; sourceTree = "<group>"; };
		C1CD401C147A51CD009C3F2F /* iTunesArtwork */ = {isa = PBXFileReference; lastKnownFileType = file; name = iTunesArtwork; path = Resources/iTunesArtwork; sourceTree = "<group>"; };
		C1CD401D147A51CD009C3F2F /* KBBackground.png */ = {isa = PBXFileReference; lastKnownFileType = image.png; name = KBBackground.png; path = Resources/KBBackground.png; sourceTree = "<group>"; };
		C1CD401E147A51CD009C3F2F /* KBBackspace-Down.png */ = {isa = PBXFileReference; lastKnownFileType = image.png; name = "KBBackspace-Down.png"; path = "Resources/KBBackspace-Down.png"; sourceTree = "<group>"; };
		C1CD401F147A51CD009C3F2F /* KBBackspace-Up.png */ = {isa = PBXFileReference; lastKnownFileType = image.png; name = "KBBackspace-Up.png"; path = "Resources/KBBackspace-Up.png"; sourceTree = "<group>"; };
		C1CD4020147A51CE009C3F2F /* KBCommand-Down.png */ = {isa = PBXFileReference; lastKnownFileType = image.png; name = "KBCommand-Down.png"; path = "Resources/KBCommand-Down.png"; sourceTree = "<group>"; };
		C1CD4021147A51CE009C3F2F /* KBCommand-Hold.png */ = {isa = PBXFileReference; lastKnownFileType = image.png; name = "KBCommand-Hold.png"; path = "Resources/KBCommand-Hold.png"; sourceTree = "<group>"; };
		C1CD4022147A51CE009C3F2F /* KBCommand-Up.png */ = {isa = PBXFileReference; lastKnownFileType = image.png; name = "KBCommand-Up.png"; path = "Resources/KBCommand-Up.png"; sourceTree = "<group>"; };
		C1CD4023147A51CE009C3F2F /* KBEscape-Down.png */ = {isa = PBXFileReference; lastKnownFileType = image.png; name = "KBEscape-Down.png"; path = "Resources/KBEscape-Down.png"; sourceTree = "<group>"; };
		C1CD4024147A51CE009C3F2F /* KBEscape-Up.png */ = {isa = PBXFileReference; lastKnownFileType = image.png; name = "KBEscape-Up.png"; path = "Resources/KBEscape-Up.png"; sourceTree = "<group>"; };
		C1CD4025147A51CE009C3F2F /* KBKey-Down.png */ = {isa = PBXFileReference; lastKnownFileType = image.png; name = "KBKey-Down.png"; path = "Resources/KBKey-Down.png"; sourceTree = "<group>"; };
		C1CD4026147A51CE009C3F2F /* KBKey-Up.png */ = {isa = PBXFileReference; lastKnownFileType = image.png; name = "KBKey-Up.png"; path = "Resources/KBKey-Up.png"; sourceTree = "<group>"; };
		C1CD4027147A51CE009C3F2F /* KBKey0-Down.png */ = {isa = PBXFileReference; lastKnownFileType = image.png; name = "KBKey0-Down.png"; path = "Resources/KBKey0-Down.png"; sourceTree = "<group>"; };
		C1CD4028147A51CE009C3F2F /* KBKey0-Up.png */ = {isa = PBXFileReference; lastKnownFileType = image.png; name = "KBKey0-Up.png"; path = "Resources/KBKey0-Up.png"; sourceTree = "<group>"; };
		C1CD4029147A51CE009C3F2F /* KBKey2-Down.png */ = {isa = PBXFileReference; lastKnownFileType = image.png; name = "KBKey2-Down.png"; path = "Resources/KBKey2-Down.png"; sourceTree = "<group>"; };
		C1CD402A147A51CE009C3F2F /* KBKey2-Up.png */ = {isa = PBXFileReference; lastKnownFileType = image.png; name = "KBKey2-Up.png"; path = "Resources/KBKey2-Up.png"; sourceTree = "<group>"; };
		C1CD402B147A51CE009C3F2F /* KBOption-Down.png */ = {isa = PBXFileReference; lastKnownFileType = image.png; name = "KBOption-Down.png"; path = "Resources/KBOption-Down.png"; sourceTree = "<group>"; };
		C1CD402C147A51CE009C3F2F /* KBOption-Hold.png */ = {isa = PBXFileReference; lastKnownFileType = image.png; name = "KBOption-Hold.png"; path = "Resources/KBOption-Hold.png"; sourceTree = "<group>"; };
		C1CD402D147A51CE009C3F2F /* KBOption-Up.png */ = {isa = PBXFileReference; lastKnownFileType = image.png; name = "KBOption-Up.png"; path = "Resources/KBOption-Up.png"; sourceTree = "<group>"; };
		C1CD402E147A51CE009C3F2F /* KBReturn-Down.png */ = {isa = PBXFileReference; lastKnownFileType = image.png; name = "KBReturn-Down.png"; path = "Resources/KBReturn-Down.png"; sourceTree = "<group>"; };
		C1CD402F147A51CF009C3F2F /* KBReturn-Up.png */ = {isa = PBXFileReference; lastKnownFileType = image.png; name = "KBReturn-Up.png"; path = "Resources/KBReturn-Up.png"; sourceTree = "<group>"; };
		C1CD4030147A51CF009C3F2F /* KBShift-Down.png */ = {isa = PBXFileReference; lastKnownFileType = image.png; name = "KBShift-Down.png"; path = "Resources/KBShift-Down.png"; sourceTree = "<group>"; };
		C1CD4031147A51CF009C3F2F /* KBShift-Hold.png */ = {isa = PBXFileReference; lastKnownFileType = image.png; name = "KBShift-Hold.png"; path = "Resources/KBShift-Hold.png"; sourceTree = "<group>"; };
		C1CD4032147A51CF009C3F2F /* KBShift-Up.png */ = {isa = PBXFileReference; lastKnownFileType = image.png; name = "KBShift-Up.png"; path = "Resources/KBShift-Up.png"; sourceTree = "<group>"; };
		C1CD4033147A51CF009C3F2F /* KBSpace-Down.png */ = {isa = PBXFileReference; lastKnownFileType = image.png; name = "KBSpace-Down.png"; path = "Resources/KBSpace-Down.png"; sourceTree = "<group>"; };
		C1CD4034147A51CF009C3F2F /* KBSpace-Up.png */ = {isa = PBXFileReference; lastKnownFileType = image.png; name = "KBSpace-Up.png"; path = "Resources/KBSpace-Up.png"; sourceTree = "<group>"; };
		C1CD4035147A51CF009C3F2F /* KBTab-Down.png */ = {isa = PBXFileReference; lastKnownFileType = image.png; name = "KBTab-Down.png"; path = "Resources/KBTab-Down.png"; sourceTree = "<group>"; };
		C1CD4036147A51CF009C3F2F /* KBTab-Up.png */ = {isa = PBXFileReference; lastKnownFileType = image.png; name = "KBTab-Up.png"; path = "Resources/KBTab-Up.png"; sourceTree = "<group>"; };
		C1CD4037147A51CF009C3F2F /* KBToggle-Down.png */ = {isa = PBXFileReference; lastKnownFileType = image.png; name = "KBToggle-Down.png"; path = "Resources/KBToggle-Down.png"; sourceTree = "<group>"; };
		C1CD4038147A51CF009C3F2F /* KBToggle-Up.png */ = {isa = PBXFileReference; lastKnownFileType = image.png; name = "KBToggle-Up.png"; path = "Resources/KBToggle-Up.png"; sourceTree = "<group>"; };
		C1CD4039147A51CF009C3F2F /* PkgInfo */ = {isa = PBXFileReference; fileEncoding = 4; lastKnownFileType = text; name = PkgInfo; path = Resources/PkgInfo; sourceTree = "<group>"; };
		C1CD403A147A51CF009C3F2F /* PSInterrupt.png */ = {isa = PBXFileReference; lastKnownFileType = image.png; name = PSInterrupt.png; path = Resources/PSInterrupt.png; sourceTree = "<group>"; };
		C1CD403B147A51CF009C3F2F /* PSReset.png */ = {isa = PBXFileReference; lastKnownFileType = image.png; name = PSReset.png; path = Resources/PSReset.png; sourceTree = "<group>"; };
		C1CD403E147A51CF009C3F2F /* Spanish */ = {isa = PBXFileReference; lastKnownFileType = text.plist.strings; name = Spanish; path = InfoPlist.strings; sourceTree = "<group>"; };
		C1CD4040147A51CF009C3F2F /* Spanish */ = {isa = PBXFileReference; lastKnownFileType = text.plist.strings; name = Spanish; path = Localizable.strings; sourceTree = "<group>"; };
		C1CD4041147A51CF009C3F2F /* UK.kbdlayout */ = {isa = PBXFileReference; fileEncoding = 4; lastKnownFileType = text.xml; name = UK.kbdlayout; path = Resources/UK.kbdlayout; sourceTree = "<group>"; };
		C1CD4042147A51D0009C3F2F /* US.kbdlayout */ = {isa = PBXFileReference; fileEncoding = 4; lastKnownFileType = text.xml; name = US.kbdlayout; path = Resources/US.kbdlayout; sourceTree = "<group>"; };
		C1CD4078147A520D009C3F2F /* CoreFoundation.framework */ = {isa = PBXFileReference; lastKnownFileType = wrapper.framework; name = CoreFoundation.framework; path = System/Library/Frameworks/CoreFoundation.framework; sourceTree = SDKROOT; };
		C1CD407A147A522A009C3F2F /* CoreAudio.framework */ = {isa = PBXFileReference; lastKnownFileType = wrapper.framework; name = CoreAudio.framework; path = System/Library/Frameworks/CoreAudio.framework; sourceTree = SDKROOT; };
		C1CD4085147A7747009C3F2F /* CoreVideo.framework */ = {isa = PBXFileReference; lastKnownFileType = wrapper.framework; name = CoreVideo.framework; path = System/Library/Frameworks/CoreVideo.framework; sourceTree = SDKROOT; };
		C1CD408B147B3643009C3F2F /* CoreText.framework */ = {isa = PBXFileReference; lastKnownFileType = wrapper.framework; name = CoreText.framework; path = System/Library/Frameworks/CoreText.framework; sourceTree = SDKROOT; };
		C1CD4109147B83ED009C3F2F /* Disk Tools.dsk */ = {isa = PBXFileReference; lastKnownFileType = file; path = "Disk Tools.dsk"; sourceTree = "<group>"; };
		C1CD410A147B83ED009C3F2F /* Fonts.image */ = {isa = PBXFileReference; lastKnownFileType = file; path = Fonts.image; sourceTree = "<group>"; };
		C1CD410B147B83ED009C3F2F /* hfs24M.DSK */ = {isa = PBXFileReference; lastKnownFileType = file; path = hfs24M.DSK; sourceTree = "<group>"; };
		C1CD410C147B83EE009C3F2F /* Install 1.image */ = {isa = PBXFileReference; lastKnownFileType = file; path = "Install 1.image"; sourceTree = "<group>"; };
		C1CD410D147B83EE009C3F2F /* Install 2.image */ = {isa = PBXFileReference; lastKnownFileType = file; path = "Install 2.image"; sourceTree = "<group>"; };
		C1CD410E147B83EE009C3F2F /* Printing.image */ = {isa = PBXFileReference; lastKnownFileType = file; path = Printing.image; sourceTree = "<group>"; };
		C1CEFEAD147FA4AC000ECF47 /* MacOS755.dsk */ = {isa = PBXFileReference; lastKnownFileType = file; path = MacOS755.dsk; sourceTree = "<group>"; };
		C1CEFEB414808C40000ECF47 /* System701.dsk */ = {isa = PBXFileReference; lastKnownFileType = file; path = System701.dsk; sourceTree = "<group>"; };
/* End PBXFileReference section */

/* Begin PBXFrameworksBuildPhase section */
		C1CD3E33147A50E7009C3F2F /* Frameworks */ = {
			isa = PBXFrameworksBuildPhase;
			buildActionMask = 2147483647;
			files = (
				C1CD408C147B3643009C3F2F /* CoreText.framework in Frameworks */,
				C1CD4086147A7747009C3F2F /* CoreVideo.framework in Frameworks */,
				C1CD407B147A522A009C3F2F /* CoreAudio.framework in Frameworks */,
				C1CD4079147A520D009C3F2F /* CoreFoundation.framework in Frameworks */,
				C1CD3E47147A50E7009C3F2F /* Foundation.framework in Frameworks */,
				C1CD3E3B147A50E7009C3F2F /* QuartzCore.framework in Frameworks */,
				C1CD3E3D147A50E7009C3F2F /* OpenGLES.framework in Frameworks */,
				C1CD3E3F147A50E7009C3F2F /* OpenAL.framework in Frameworks */,
				C1CD3E43147A50E7009C3F2F /* AVFoundation.framework in Frameworks */,
				C1CD3E41147A50E7009C3F2F /* AudioToolbox.framework in Frameworks */,
				C1CD3E45147A50E7009C3F2F /* UIKit.framework in Frameworks */,
				C1CD3E49147A50E7009C3F2F /* CoreGraphics.framework in Frameworks */,
			);
			runOnlyForDeploymentPostprocessing = 0;
		};
/* End PBXFrameworksBuildPhase section */

/* Begin PBXGroup section */
		C14B1877147E0A5F00A11CFF /* English.lproj */ = {
			isa = PBXGroup;
			children = (
				C14B1878147E0A5F00A11CFF /* dummy.txt */,
			);
			path = English.lproj;
			sourceTree = "<group>";
		};
		C14B18CF147E653400A11CFF /* Headers */ = {
			isa = PBXGroup;
			children = (
				C14B1898147E0A5F00A11CFF /* STRCONST.h */,
				C14B186A147E0A5F00A11CFF /* ADBEMDEV.h */,
				C14B186E147E0A5F00A11CFF /* ASCEMDEV.h */,
				C14B187D147E0A5F00A11CFF /* GLOBGLUE.h */,
				C14B1881147E0A5F00A11CFF /* IWMEMDEV.h */,
				C14B1883147E0A5F00A11CFF /* M68KITAB.h */,
				C14B1885147E0A5F00A11CFF /* MINEM68K.h */,
				C14B18C5147E157400A11CFF /* MOUSEMDV.h */,
				C14B18C7147E15B500A11CFF /* MYOSGLUE.h */,
				C14B188B147E0A5F00A11CFF /* PROGMAIN.h */,
				C14B188D147E0A5F00A11CFF /* ROMEMDEV.h */,
				C14B188F147E0A5F00A11CFF /* RTCEMDEV.h */,
				C14B1891147E0A5F00A11CFF /* SCCEMDEV.h */,
				C14B1893147E0A5F00A11CFF /* SCRNEMDV.h */,
				C14B1895147E0A5F00A11CFF /* SCSIEMDV.h */,
				C14B1897147E0A5F00A11CFF /* SONYEMDV.h */,
				C14B189B147E0A5F00A11CFF /* VIA2EMDV.h */,
				C14B189D147E0A5F00A11CFF /* VIAEMDEV.h */,
				C14B189F147E0A5F00A11CFF /* VIDEMDEV.h */,
			);
			name = Headers;
			sourceTree = "<group>";
		};
		C14B18D0147E653E00A11CFF /* Includes */ = {
			isa = PBXGroup;
			children = (
				C14B1899147E0A5F00A11CFF /* SYSDEPNS.h */,
				C14B187F147E0A5F00A11CFF /* INTLCHAR.h */,
				C14B187B147E0A5F00A11CFF /* FPMATHEM.h */,
				C14B187A147E0A5F00A11CFF /* FPCPEMDV.h */,
				C14B1876147E0A5F00A11CFF /* ENDIANAC.h */,
				C14B1875147E0A5F00A11CFF /* EMCONFIG.h */,
				C14B1874147E0A5F00A11CFF /* DATE2SEC.h */,
				C14B1873147E0A5F00A11CFF /* CONTROLM.h */,
				C14B1872147E0A5F00A11CFF /* COMOSGLU.h */,
				C14B1871147E0A5F00A11CFF /* CNFGRAPI.h */,
				C14B1870147E0A5F00A11CFF /* CNFGGLOB.h */,
				C14B186B147E0A5F00A11CFF /* ADBSHARE.h */,
			);
			name = Includes;
			sourceTree = "<group>";
		};
		C14B18D1147E654E00A11CFF /* Sources */ = {
			isa = PBXGroup;
			children = (
				C14B1869147E0A5F00A11CFF /* ADBEMDEV.c */,
				C14B186D147E0A5F00A11CFF /* ASCEMDEV.c */,
				C14B187C147E0A5F00A11CFF /* GLOBGLUE.c */,
				C14B1880147E0A5F00A11CFF /* IWMEMDEV.c */,
				C14B1882147E0A5F00A11CFF /* M68KITAB.c */,
				C14B1884147E0A5F00A11CFF /* MINEM68K.c */,
				C14B18C4147E157400A11CFF /* MOUSEMDV.c */,
				C14B18B6147E0F2D00A11CFF /* MYOSGLUE.c */,
				C14B18C8147E2BC800A11CFF /* PROGMAIN.c */,
				C14B188C147E0A5F00A11CFF /* ROMEMDEV.c */,
				C14B188E147E0A5F00A11CFF /* RTCEMDEV.c */,
				C14B1890147E0A5F00A11CFF /* SCCEMDEV.c */,
				C14B1892147E0A5F00A11CFF /* SCRNEMDV.c */,
				C14B1894147E0A5F00A11CFF /* SCSIEMDV.c */,
				C14B1896147E0A5F00A11CFF /* SONYEMDV.c */,
				C14B189A147E0A5F00A11CFF /* VIA2EMDV.c */,
				C14B189C147E0A5F00A11CFF /* VIAEMDEV.c */,
				C14B189E147E0A5F00A11CFF /* VIDEMDEV.c */,
			);
			name = Sources;
			sourceTree = "<group>";
		};
		C1CD3E2B147A50E7009C3F2F = {
			isa = PBXGroup;
			children = (
				C1CD3E4A147A50E7009C3F2F /* minivmac */,
				C1CD3E39147A50E7009C3F2F /* Frameworks */,
				C1CD3E37147A50E7009C3F2F /* Products */,
			);
			sourceTree = "<group>";
		};
		C1CD3E37147A50E7009C3F2F /* Products */ = {
			isa = PBXGroup;
			children = (
				C1CD3E36147A50E7009C3F2F /* minivmac.app */,
			);
			name = Products;
			sourceTree = "<group>";
		};
		C1CD3E39147A50E7009C3F2F /* Frameworks */ = {
			isa = PBXGroup;
			children = (
				C1CD408B147B3643009C3F2F /* CoreText.framework */,
				C1CD4085147A7747009C3F2F /* CoreVideo.framework */,
				C1CD407A147A522A009C3F2F /* CoreAudio.framework */,
				C1CD4078147A520D009C3F2F /* CoreFoundation.framework */,
				C1CD3E3A147A50E7009C3F2F /* QuartzCore.framework */,
				C1CD3E3C147A50E7009C3F2F /* OpenGLES.framework */,
				C1CD3E3E147A50E7009C3F2F /* OpenAL.framework */,
				C1CD3E40147A50E7009C3F2F /* AudioToolbox.framework */,
				C1CD3E42147A50E7009C3F2F /* AVFoundation.framework */,
				C1CD3E44147A50E7009C3F2F /* UIKit.framework */,
				C1CD3E46147A50E7009C3F2F /* Foundation.framework */,
				C1CD3E48147A50E7009C3F2F /* CoreGraphics.framework */,
			);
			name = Frameworks;
			sourceTree = "<group>";
		};
		C1CD3E4A147A50E7009C3F2F /* minivmac */ = {
			isa = PBXGroup;
			children = (
				C1CD3FAB147A5190009C3F2F /* ExtendedAttributes.h */,
				C1CD3FAC147A5190009C3F2F /* ExtendedAttributes.m */,
				C1CD3FAE147A5190009C3F2F /* InsertDiskView.h */,
				C1CD3FAF147A5190009C3F2F /* InsertDiskView.m */,
				C1CD3FB0147A5190009C3F2F /* KBKey.h */,
				C1CD3FB1147A5190009C3F2F /* KBKey.m */,
				C1CD3FB3147A5190009C3F2F /* KeyboardView.m */,
				C1CD3FB2147A5190009C3F2F /* KeyboardView.h */,
				C1CD3FB4147A5190009C3F2F /* main.m */,
				C1CD3FB5147A5190009C3F2F /* MainView.h */,
				C14B18D2147E74BD00A11CFF /* Glue.m */,
				C1CD3FB6147A5190009C3F2F /* MainView.m */,
				C1CD3FB7147A5190009C3F2F /* mnvm */,
				C1CD3FE1147A5191009C3F2F /* NewDiskView.h */,
				C1CD3FE2147A5191009C3F2F /* NewDiskView.m */,
				C1CD3FE3147A5191009C3F2F /* prefix.h */,
				C1CD3FE4147A5191009C3F2F /* SettingsView.h */,
				C1CD3FE5147A5191009C3F2F /* SettingsView.m */,
				C1CD3FE6147A5191009C3F2F /* SurfaceView.h */,
				C1CD3FE7147A5191009C3F2F /* SurfaceView.m */,
				C1CD3FE8147A5191009C3F2F /* UIApplication-SBCustomIcon.h */,
				C1CD3FE9147A5191009C3F2F /* vMacApp.h */,
				C1CD3FEA147A5191009C3F2F /* vMacApp.m */,
				C1CD3E4B147A50E7009C3F2F /* Resources */,
				C1CD3F98147A50E9009C3F2F /* Supporting Files */,
			);
			path = minivmac;
			sourceTree = "<group>";
		};
		C1CD3E4B147A50E7009C3F2F /* Resources */ = {
			isa = PBXGroup;
			children = (
				C1CEFEB414808C40000ECF47 /* System701.dsk */,
				C14B18E0147F36AE00A11CFF /* MacIIx.ROM */,
				C1CD4109147B83ED009C3F2F /* Disk Tools.dsk */,
				C1CD410A147B83ED009C3F2F /* Fonts.image */,
				C1CEFEAD147FA4AC000ECF47 /* MacOS755.dsk */,
				C1CD410B147B83ED009C3F2F /* hfs24M.DSK */,
				C1CD410C147B83EE009C3F2F /* Install 1.image */,
				C1CD410D147B83EE009C3F2F /* Install 2.image */,
				C1CD410E147B83EE009C3F2F /* Printing.image */,
				C1CD4006147A51CC009C3F2F /* Default.png */,
				C1CD4007147A51CC009C3F2F /* diskEject.aiff */,
				C1CD4008147A51CC009C3F2F /* DiskListFloppy.png */,
				C1CD4009147A51CC009C3F2F /* DiskListHD.png */,
				C1CD400A147A51CC009C3F2F /* English.lproj */,
				C1CD400D147A51CD009C3F2F /* ES.kbdlayout */,
				C1CD400E147A51CD009C3F2F /* fps_images.png */,
				C1CD400F147A51CD009C3F2F /* HE.kbdlayout */,
				C1CD4010147A51CD009C3F2F /* Hebrew.lproj */,
				C1CD4017147A51CD009C3F2F /* Icon-Small.png */,
				C1CD4019147A51CD009C3F2F /* Icon.png */,
				C1CD401B147A51CD009C3F2F /* Info.plist */,
				C1CD401C147A51CD009C3F2F /* iTunesArtwork */,
				C1CD401D147A51CD009C3F2F /* KBBackground.png */,
				C1CD401E147A51CD009C3F2F /* KBBackspace-Down.png */,
				C1CD401F147A51CD009C3F2F /* KBBackspace-Up.png */,
				C1CD4020147A51CE009C3F2F /* KBCommand-Down.png */,
				C1CD4021147A51CE009C3F2F /* KBCommand-Hold.png */,
				C1CD4022147A51CE009C3F2F /* KBCommand-Up.png */,
				C1CD4023147A51CE009C3F2F /* KBEscape-Down.png */,
				C1CD4024147A51CE009C3F2F /* KBEscape-Up.png */,
				C1CD4025147A51CE009C3F2F /* KBKey-Down.png */,
				C1CD4026147A51CE009C3F2F /* KBKey-Up.png */,
				C1CD4027147A51CE009C3F2F /* KBKey0-Down.png */,
				C1CD4028147A51CE009C3F2F /* KBKey0-Up.png */,
				C1CD4029147A51CE009C3F2F /* KBKey2-Down.png */,
				C1CD402A147A51CE009C3F2F /* KBKey2-Up.png */,
				C1CD402B147A51CE009C3F2F /* KBOption-Down.png */,
				C1CD402C147A51CE009C3F2F /* KBOption-Hold.png */,
				C1CD402D147A51CE009C3F2F /* KBOption-Up.png */,
				C1CD402E147A51CE009C3F2F /* KBReturn-Down.png */,
				C1CD402F147A51CF009C3F2F /* KBReturn-Up.png */,
				C1CD4030147A51CF009C3F2F /* KBShift-Down.png */,
				C1CD4031147A51CF009C3F2F /* KBShift-Hold.png */,
				C1CD4032147A51CF009C3F2F /* KBShift-Up.png */,
				C1CD4033147A51CF009C3F2F /* KBSpace-Down.png */,
				C1CD4034147A51CF009C3F2F /* KBSpace-Up.png */,
				C1CD4035147A51CF009C3F2F /* KBTab-Down.png */,
				C1CD4036147A51CF009C3F2F /* KBTab-Up.png */,
				C1CD4037147A51CF009C3F2F /* KBToggle-Down.png */,
				C1CD4038147A51CF009C3F2F /* KBToggle-Up.png */,
				C1CD4039147A51CF009C3F2F /* PkgInfo */,
				C1CD403A147A51CF009C3F2F /* PSInterrupt.png */,
				C1CD403B147A51CF009C3F2F /* PSReset.png */,
				C1CD403C147A51CF009C3F2F /* Spanish.lproj */,
				C1CD4041147A51CF009C3F2F /* UK.kbdlayout */,
				C1CD4042147A51D0009C3F2F /* US.kbdlayout */,
				C1CD3E4C147A50E7009C3F2F /* Default.png */,
				C1CD3E4E147A50E7009C3F2F /* fps_images.png */,
				C1CD3E54147A50E7009C3F2F /* Icon-Small.png */,
				C1CD3E58147A50E7009C3F2F /* Icon.png */,
				C1CD3E5C147A50E7009C3F2F /* Info.plist */,
				C1CD3E5D147A50E7009C3F2F /* iTunesArtwork */,
			);
			name = Resources;
			sourceTree = "<group>";
		};
		C1CD3F98147A50E9009C3F2F /* Supporting Files */ = {
			isa = PBXGroup;
			children = (
				C1CD3F99147A50E9009C3F2F /* Prefix.pch */,
			);
			name = "Supporting Files";
			sourceTree = "<group>";
		};
		C1CD3FB7147A5190009C3F2F /* mnvm */ = {
			isa = PBXGroup;
			children = (
				C14B186F147E0A5F00A11CFF /* Build String */,
				C14B18C3147E147E00A11CFF /* PLATGLUE.H */,
				C14B186C147E0A5F00A11CFF /* AppIcon.icns */,
				C14B187E147E0A5F00A11CFF /* Info.plist */,
				C14B1877147E0A5F00A11CFF /* English.lproj */,
				C14B18D1147E654E00A11CFF /* Sources */,
				C14B18CF147E653400A11CFF /* Headers */,
				C14B18D0147E653E00A11CFF /* Includes */,
			);
			name = mnvm;
			path = src/mnvm;
			sourceTree = "<group>";
		};
		C1CD400A147A51CC009C3F2F /* English.lproj */ = {
			isa = PBXGroup;
			children = (
				C1CD400B147A51CD009C3F2F /* Localizable.strings */,
			);
			name = English.lproj;
			path = Resources/English.lproj;
			sourceTree = "<group>";
		};
		C1CD4010147A51CD009C3F2F /* Hebrew.lproj */ = {
			isa = PBXGroup;
			children = (
				C1CD4011147A51CD009C3F2F /* InfoPlist.strings */,
				C1CD4013147A51CD009C3F2F /* Localizable.strings */,
			);
			name = Hebrew.lproj;
			path = Resources/Hebrew.lproj;
			sourceTree = "<group>";
		};
		C1CD403C147A51CF009C3F2F /* Spanish.lproj */ = {
			isa = PBXGroup;
			children = (
				C1CD403D147A51CF009C3F2F /* InfoPlist.strings */,
				C1CD403F147A51CF009C3F2F /* Localizable.strings */,
			);
			name = Spanish.lproj;
			path = Resources/Spanish.lproj;
			sourceTree = "<group>";
		};
/* End PBXGroup section */

/* Begin PBXNativeTarget section */
		C1CD3E35147A50E7009C3F2F /* minivmac */ = {
			isa = PBXNativeTarget;
			buildConfigurationList = C1CD3FA8147A50E9009C3F2F /* Build configuration list for PBXNativeTarget "minivmac" */;
			buildPhases = (
				C1CD3E32147A50E7009C3F2F /* Sources */,
				C1CD3E33147A50E7009C3F2F /* Frameworks */,
				C1CD3E34147A50E7009C3F2F /* Resources */,
			);
			buildRules = (
			);
			dependencies = (
			);
			name = minivmac;
			productName = minivmac;
			productReference = C1CD3E36147A50E7009C3F2F /* minivmac.app */;
			productType = "com.apple.product-type.application";
		};
/* End PBXNativeTarget section */

/* Begin PBXProject section */
		C1CD3E2D147A50E7009C3F2F /* Project object */ = {
			isa = PBXProject;
			attributes = {
				LastUpgradeCheck = 0420;
				ORGANIZATIONNAME = "Queensland Health";
			};
			buildConfigurationList = C1CD3E30147A50E7009C3F2F /* Build configuration list for PBXProject "minivmac" */;
			compatibilityVersion = "Xcode 3.2";
			developmentRegion = English;
			hasScannedForEncodings = 0;
			knownRegions = (
				en,
				English,
				Hebrew,
				Spanish,
			);
			mainGroup = C1CD3E2B147A50E7009C3F2F;
			productRefGroup = C1CD3E37147A50E7009C3F2F /* Products */;
			projectDirPath = "";
			projectRoot = "";
			targets = (
				C1CD3E35147A50E7009C3F2F /* minivmac */,
			);
		};
/* End PBXProject section */

/* Begin PBXResourcesBuildPhase section */
		C1CD3E34147A50E7009C3F2F /* Resources */ = {
			isa = PBXResourcesBuildPhase;
			buildActionMask = 2147483647;
			files = (
				C1CD3E4D147A50E7009C3F2F /* Default.png in Resources */,
				C1CD3E4F147A50E7009C3F2F /* fps_images.png in Resources */,
				C1CD3E55147A50E7009C3F2F /* Icon-Small.png in Resources */,
				C1CD3E59147A50E7009C3F2F /* Icon.png in Resources */,
				C1CD3E5E147A50E7009C3F2F /* iTunesArtwork in Resources */,
				C1CD4044147A51D0009C3F2F /* diskEject.aiff in Resources */,
				C1CD4045147A51D0009C3F2F /* DiskListFloppy.png in Resources */,
				C1CD4046147A51D0009C3F2F /* DiskListHD.png in Resources */,
				C1CD4047147A51D0009C3F2F /* Localizable.strings in Resources */,
				C1CD4048147A51D0009C3F2F /* ES.kbdlayout in Resources */,
				C1CD404A147A51D0009C3F2F /* HE.kbdlayout in Resources */,
				C1CD4055147A51D0009C3F2F /* KBBackground.png in Resources */,
				C1CD4056147A51D0009C3F2F /* KBBackspace-Down.png in Resources */,
				C1CD4057147A51D0009C3F2F /* KBBackspace-Up.png in Resources */,
				C1CD4058147A51D0009C3F2F /* KBCommand-Down.png in Resources */,
				C1CD4059147A51D0009C3F2F /* KBCommand-Hold.png in Resources */,
				C1CD405A147A51D0009C3F2F /* KBCommand-Up.png in Resources */,
				C1CD405B147A51D0009C3F2F /* KBEscape-Down.png in Resources */,
				C1CD405C147A51D0009C3F2F /* KBEscape-Up.png in Resources */,
				C1CD405D147A51D0009C3F2F /* KBKey-Down.png in Resources */,
				C1CD405E147A51D0009C3F2F /* KBKey-Up.png in Resources */,
				C1CD405F147A51D0009C3F2F /* KBKey0-Down.png in Resources */,
				C1CD4060147A51D0009C3F2F /* KBKey0-Up.png in Resources */,
				C1CD4061147A51D0009C3F2F /* KBKey2-Down.png in Resources */,
				C1CD4062147A51D0009C3F2F /* KBKey2-Up.png in Resources */,
				C1CD4063147A51D0009C3F2F /* KBOption-Down.png in Resources */,
				C1CD4064147A51D0009C3F2F /* KBOption-Hold.png in Resources */,
				C1CD4065147A51D0009C3F2F /* KBOption-Up.png in Resources */,
				C1CD4066147A51D0009C3F2F /* KBReturn-Down.png in Resources */,
				C1CD4067147A51D0009C3F2F /* KBReturn-Up.png in Resources */,
				C1CD4068147A51D0009C3F2F /* KBShift-Down.png in Resources */,
				C1CD4069147A51D0009C3F2F /* KBShift-Hold.png in Resources */,
				C1CD406A147A51D0009C3F2F /* KBShift-Up.png in Resources */,
				C1CD406B147A51D0009C3F2F /* KBSpace-Down.png in Resources */,
				C1CD406C147A51D0009C3F2F /* KBSpace-Up.png in Resources */,
				C1CD406D147A51D0009C3F2F /* KBTab-Down.png in Resources */,
				C1CD406E147A51D0009C3F2F /* KBTab-Up.png in Resources */,
				C1CD406F147A51D0009C3F2F /* KBToggle-Down.png in Resources */,
				C1CD4070147A51D0009C3F2F /* KBToggle-Up.png in Resources */,
				C1CD4071147A51D0009C3F2F /* PkgInfo in Resources */,
				C1CD4072147A51D0009C3F2F /* PSInterrupt.png in Resources */,
				C1CD4073147A51D0009C3F2F /* PSReset.png in Resources */,
				C1CD4076147A51D0009C3F2F /* UK.kbdlayout in Resources */,
				C1CD4077147A51D0009C3F2F /* US.kbdlayout in Resources */,
				C1CD410F147B83EE009C3F2F /* Disk Tools.dsk in Resources */,
				C1CD4110147B83EE009C3F2F /* Fonts.image in Resources */,
				C1CD4111147B83EE009C3F2F /* hfs24M.DSK in Resources */,
				C1CD4112147B83EE009C3F2F /* Install 1.image in Resources */,
				C1CD4113147B83EE009C3F2F /* Install 2.image in Resources */,
				C1CD4114147B83EE009C3F2F /* Printing.image in Resources */,
				C14B18A1147E0A5F00A11CFF /* AppIcon.icns in Resources */,
				C14B18A3147E0A5F00A11CFF /* Build String in Resources */,
				C14B18A4147E0A5F00A11CFF /* dummy.txt in Resources */,
				C14B18A6147E0A5F00A11CFF /* Info.plist in Resources */,
				C14B18E5147F36AE00A11CFF /* MacIIx.ROM in Resources */,
				C1CEFEAE147FA4AC000ECF47 /* MacOS755.dsk in Resources */,
				C1CEFEB514808C40000ECF47 /* System701.dsk in Resources */,
			);
			runOnlyForDeploymentPostprocessing = 0;
		};
/* End PBXResourcesBuildPhase section */

/* Begin PBXSourcesBuildPhase section */
		C1CD3E32147A50E7009C3F2F /* Sources */ = {
			isa = PBXSourcesBuildPhase;
			buildActionMask = 2147483647;
			files = (
				C1CD3FEB147A5192009C3F2F /* ExtendedAttributes.m in Sources */,
				C1CD3FED147A5192009C3F2F /* InsertDiskView.m in Sources */,
				C1CD3FEE147A5192009C3F2F /* KBKey.m in Sources */,
				C1CD3FEF147A5192009C3F2F /* KeyboardView.m in Sources */,
				C1CD3FF0147A5192009C3F2F /* main.m in Sources */,
				C14B18D3147E74C100A11CFF /* Glue.m in Sources */,
				C14B18A5147E0A5F00A11CFF /* GLOBGLUE.c in Sources */,
				C14B18A7147E0A5F00A11CFF /* IWMEMDEV.c in Sources */,
				C14B18A8147E0A5F00A11CFF /* M68KITAB.c in Sources */,
				C14B18A9147E0A5F00A11CFF /* MINEM68K.c in Sources */,
				C14B18B4147E0A5F00A11CFF /* VIAEMDEV.c in Sources */,
				C14B18B3147E0A5F00A11CFF /* VIA2EMDV.c in Sources */,
				C14B18AF147E0A5F00A11CFF /* SCCEMDEV.c in Sources */,
				C14B18AE147E0A5F00A11CFF /* RTCEMDEV.c in Sources */,
				C14B18B1147E0A5F00A11CFF /* SCSIEMDV.c in Sources */,
				C14B18B2147E0A5F00A11CFF /* SONYEMDV.c in Sources */,
				C14B18B5147E0A5F00A11CFF /* VIDEMDEV.c in Sources */,
				C14B18DA147F312800A11CFF /* ROMEMDEV.c in Sources */,
				C14B18A0147E0A5F00A11CFF /* ADBEMDEV.c in Sources */,
				C14B18A2147E0A5F00A11CFF /* ASCEMDEV.c in Sources */,
				C14B18DB147F318400A11CFF /* SCRNEMDV.c in Sources */,
				C14B18C6147E157400A11CFF /* MOUSEMDV.c in Sources */,
				C14B18C9147E2BC900A11CFF /* PROGMAIN.c in Sources */,
				C14B18BD147E117D00A11CFF /* vMacApp.m in Sources */,
				C1CD3FF1147A5192009C3F2F /* MainView.m in Sources */,
				C1CD4002147A5192009C3F2F /* NewDiskView.m in Sources */,
				C1CD4003147A5192009C3F2F /* SettingsView.m in Sources */,
				C1CD4004147A5192009C3F2F /* SurfaceView.m in Sources */,
			);
			runOnlyForDeploymentPostprocessing = 0;
		};
/* End PBXSourcesBuildPhase section */

/* Begin PBXVariantGroup section */
		C14B1878147E0A5F00A11CFF /* dummy.txt */ = {
			isa = PBXVariantGroup;
			children = (
				C14B1879147E0A5F00A11CFF /* English */,
			);
			name = dummy.txt;
			sourceTree = "<group>";
		};
		C1CD400B147A51CD009C3F2F /* Localizable.strings */ = {
			isa = PBXVariantGroup;
			children = (
				C1CD400C147A51CD009C3F2F /* English */,
			);
			name = Localizable.strings;
			sourceTree = "<group>";
		};
		C1CD4011147A51CD009C3F2F /* InfoPlist.strings */ = {
			isa = PBXVariantGroup;
			children = (
				C1CD4012147A51CD009C3F2F /* Hebrew */,
			);
			name = InfoPlist.strings;
			sourceTree = "<group>";
		};
		C1CD4013147A51CD009C3F2F /* Localizable.strings */ = {
			isa = PBXVariantGroup;
			children = (
				C1CD4014147A51CD009C3F2F /* Hebrew */,
			);
			name = Localizable.strings;
			sourceTree = "<group>";
		};
		C1CD403D147A51CF009C3F2F /* InfoPlist.strings */ = {
			isa = PBXVariantGroup;
			children = (
				C1CD403E147A51CF009C3F2F /* Spanish */,
			);
			name = InfoPlist.strings;
			sourceTree = "<group>";
		};
		C1CD403F147A51CF009C3F2F /* Localizable.strings */ = {
			isa = PBXVariantGroup;
			children = (
				C1CD4040147A51CF009C3F2F /* Spanish */,
			);
			name = Localizable.strings;
			sourceTree = "<group>";
		};
/* End PBXVariantGroup section */

/* Begin XCBuildConfiguration section */
		C1CD3FA6147A50E9009C3F2F /* Debug */ = {
			isa = XCBuildConfiguration;
			buildSettings = {
				ARCHS = "$(ARCHS_STANDARD_32_BIT)";
				CODE_SIGN_IDENTITY = "iPhone Developer: Peter Godwin (7DXXUZD26H)";
				"CODE_SIGN_IDENTITY[sdk=iphoneos*]" = "iPhone Developer";
				GCC_C_LANGUAGE_STANDARD = gnu99;
				GCC_OPTIMIZATION_LEVEL = 0;
				GCC_PREPROCESSOR_DEFINITIONS = (
					DEBUG,
					"COCOS2D_DEBUG=1",
				);
				GCC_SYMBOLS_PRIVATE_EXTERN = NO;
				GCC_VERSION = com.apple.compilers.llvmgcc42;
				GCC_WARN_ABOUT_RETURN_TYPE = YES;
				GCC_WARN_UNUSED_VARIABLE = YES;
				IPHONEOS_DEPLOYMENT_TARGET = 5.0;
				PROVISIONING_PROFILE = "D050ECC4-9F0D-4997-86DF-D300191E3286";
				SDKROOT = iphoneos;
			};
			name = Debug;
		};
		C1CD3FA7147A50E9009C3F2F /* Release */ = {
			isa = XCBuildConfiguration;
			buildSettings = {
				ARCHS = "$(ARCHS_STANDARD_32_BIT)";
				CODE_SIGN_IDENTITY = "iPhone Developer: Peter Godwin (7DXXUZD26H)";
				"CODE_SIGN_IDENTITY[sdk=iphoneos*]" = "iPhone Developer";
				GCC_C_LANGUAGE_STANDARD = gnu99;
				GCC_PREPROCESSOR_DEFINITIONS = NDEBUG;
				GCC_VERSION = com.apple.compilers.llvmgcc42;
				GCC_WARN_ABOUT_RETURN_TYPE = YES;
				GCC_WARN_UNUSED_VARIABLE = YES;
				IPHONEOS_DEPLOYMENT_TARGET = 5.0;
				OTHER_CFLAGS = "-DNS_BLOCK_ASSERTIONS=1";
				PROVISIONING_PROFILE = "D050ECC4-9F0D-4997-86DF-D300191E3286";
				SDKROOT = iphoneos;
			};
			name = Release;
		};
		C1CD3FA9147A50E9009C3F2F /* Debug */ = {
			isa = XCBuildConfiguration;
			buildSettings = {
				ALWAYS_SEARCH_USER_PATHS = NO;
				CODE_SIGN_IDENTITY = "iPhone Developer: Peter Godwin (7DXXUZD26H)";
				COPY_PHASE_STRIP = NO;
				GCC_DYNAMIC_NO_PIC = NO;
				GCC_PRECOMPILE_PREFIX_HEADER = YES;
				GCC_PREFIX_HEADER = minivmac/Prefix.pch;
				"GCC_THUMB_SUPPORT[arch=armv6]" = "";
				INFOPLIST_FILE = minivmac/Resources/Info.plist;
				IPHONEOS_DEPLOYMENT_TARGET = 5.0;
				OTHER_LDFLAGS = "-lz";
				PRODUCT_NAME = "$(TARGET_NAME)";
				PROVISIONING_PROFILE = "D050ECC4-9F0D-4997-86DF-D300191E3286";
				STRIP_INSTALLED_PRODUCT = YES;
				TARGETED_DEVICE_FAMILY = "1,2";
				WRAPPER_EXTENSION = app;
			};
			name = Debug;
		};
		C1CD3FAA147A50E9009C3F2F /* Release */ = {
			isa = XCBuildConfiguration;
			buildSettings = {
				ALWAYS_SEARCH_USER_PATHS = NO;
				CODE_SIGN_IDENTITY = "iPhone Developer: Peter Godwin (7DXXUZD26H)";
				COPY_PHASE_STRIP = YES;
				GCC_DYNAMIC_NO_PIC = NO;
				GCC_PRECOMPILE_PREFIX_HEADER = YES;
				GCC_PREFIX_HEADER = minivmac/Prefix.pch;
				"GCC_THUMB_SUPPORT[arch=armv6]" = "";
				INFOPLIST_FILE = minivmac/Resources/Info.plist;
				IPHONEOS_DEPLOYMENT_TARGET = 5.0;
				OTHER_LDFLAGS = "-lz";
				PRODUCT_NAME = "$(TARGET_NAME)";
				PROVISIONING_PROFILE = "D050ECC4-9F0D-4997-86DF-D300191E3286";
				STRIP_INSTALLED_PRODUCT = YES;
				TARGETED_DEVICE_FAMILY = "1,2";
				VALIDATE_PRODUCT = YES;
				WRAPPER_EXTENSION = app;
			};
			name = Release;
		};
/* End XCBuildConfiguration section */

/* Begin XCConfigurationList section */
		C1CD3E30147A50E7009C3F2F /* Build configuration list for PBXProject "minivmac" */ = {
			isa = XCConfigurationList;
			buildConfigurations = (
				C1CD3FA6147A50E9009C3F2F /* Debug */,
				C1CD3FA7147A50E9009C3F2F /* Release */,
			);
			defaultConfigurationIsVisible = 0;
			defaultConfigurationName = Release;
		};
		C1CD3FA8147A50E9009C3F2F /* Build configuration list for PBXNativeTarget "minivmac" */ = {
			isa = XCConfigurationList;
			buildConfigurations = (
				C1CD3FA9147A50E9009C3F2F /* Debug */,
				C1CD3FAA147A50E9009C3F2F /* Release */,
			);
			defaultConfigurationIsVisible = 0;
			defaultConfigurationName = Release;
		};
/* End XCConfigurationList section */
	};
	rootObject = C1CD3E2D147A50E7009C3F2F /* Project object */;
}
